
Microsoft Visual Studio Solution File, Format Version 12.00
# Visual Studio Version 17
VisualStudioVersion = 17.2.32516.85
MinimumVisualStudioVersion = 10.0.40219.1
Project("{2150E333-8FDC-42A3-9474-1A3956D46DE8}") = "FacadePattern", "FacadePattern", "{63E8043C-B646-4D00-9C10-DE0B19642B20}"
	ProjectSection(SolutionItems) = preProject
		ProgramFa.cs = ProgramFa.cs
		TransactionFacade.cs = TransactionFacade.cs
	EndProjectSection
EndProject
Project("{2150E333-8FDC-42A3-9474-1A3956D46DE8}") = "FactoryPattern", "FactoryPattern", "{43096F4F-8612-4154-8702-27C452160D36}"
	ProjectSection(SolutionItems) = preProject
		Client.cs = Client.cs
		Creator.cs = Creator.cs
		IInterbankSystem.cs = IInterbankSystem.cs
		MBWay.cs = MBWay.cs
		MBWayCreator.cs = MBWayCreator.cs
		MultiBanco.cs = MultiBanco.cs
		MultiBancoCreator.cs = MultiBancoCreator.cs
		ProgramF.cs = ProgramF.cs
	EndProjectSection
EndProject
Project("{2150E333-8FDC-42A3-9474-1A3956D46DE8}") = "ObserverPatern", "ObserverPatern", "{C9CC1C6E-83D3-4222-AAEF-005F635B1FB3}"
	ProjectSection(SolutionItems) = preProject
		BankObserver.cs = BankObserver.cs
		ClientObserver.cs = ClientObserver.cs
		ILoginStateSubject.cs = ILoginStateSubject.cs
		IObserver.cs = IObserver.cs
		LoginStateSubject.cs = LoginStateSubject.cs
		ProgramObs.cs = ProgramObs.cs
	EndProjectSection
EndProject
Project("{2150E333-8FDC-42A3-9474-1A3956D46DE8}") = "Singleton", "Singleton", "{A26E2CA7-187E-4202-86E9-1189BA9E1483}"
	ProjectSection(SolutionItems) = preProject
		PaymentSingleton.cs = PaymentSingleton.cs
		Program.cs = Program.cs
		TransferSingleton.cs = TransferSingleton.cs
	EndProjectSection
EndProject
Global
	GlobalSection(SolutionProperties) = preSolution
		HideSolutionNode = FALSE
	EndGlobalSection
	GlobalSection(ExtensibilityGlobals) = postSolution
		SolutionGuid = {B09ABC31-AAE6-44EC-A544-819D30330D5E}
	EndGlobalSection
EndGlobal
